// !$*UTF8*$!
{
	archiveVersion = 1;
	classes = {
	};
	objectVersion = 60;
	objects = {

/* Begin PBXBuildFile section */
		80700DC62CCA7736009C95FD /* DrinkWaterApp.swift in Sources */ = {isa = PBXBuildFile; fileRef = 80700DC52CCA7736009C95FD /* DrinkWaterApp.swift */; };
		80700DC82CCA7736009C95FD /* ContentView.swift in Sources */ = {isa = PBXBuildFile; fileRef = 80700DC72CCA7736009C95FD /* ContentView.swift */; };
		80700DCA2CCA7738009C95FD /* Assets.xcassets in Resources */ = {isa = PBXBuildFile; fileRef = 80700DC92CCA7738009C95FD /* Assets.xcassets */; };
		80700DCE2CCA7738009C95FD /* Preview Assets.xcassets in Resources */ = {isa = PBXBuildFile; fileRef = 80700DCD2CCA7738009C95FD /* Preview Assets.xcassets */; };
		80700DD82CCA7738009C95FD /* DrinkWaterTests.swift in Sources */ = {isa = PBXBuildFile; fileRef = 80700DD72CCA7738009C95FD /* DrinkWaterTests.swift */; };
		80700DE22CCA7738009C95FD /* DrinkWaterUITests.swift in Sources */ = {isa = PBXBuildFile; fileRef = 80700DE12CCA7738009C95FD /* DrinkWaterUITests.swift */; };
		80700DE42CCA7738009C95FD /* DrinkWaterUITestsLaunchTests.swift in Sources */ = {isa = PBXBuildFile; fileRef = 80700DE32CCA7738009C95FD /* DrinkWaterUITestsLaunchTests.swift */; };
/* End PBXBuildFile section */

/* Begin PBXContainerItemProxy section */
		80700DD42CCA7738009C95FD /* PBXContainerItemProxy */ = {
			isa = PBXContainerItemProxy;
			containerPortal = 80700DBA2CCA7736009C95FD /* Project object */;
			proxyType = 1;
			remoteGlobalIDString = 80700DC12CCA7736009C95FD;
			remoteInfo = DrinkWater;
		};
		80700DDE2CCA7738009C95FD /* PBXContainerItemProxy */ = {
			isa = PBXContainerItemProxy;
			containerPortal = 80700DBA2CCA7736009C95FD /* Project object */;
			proxyType = 1;
			remoteGlobalIDString = 80700DC12CCA7736009C95FD;
			remoteInfo = DrinkWater;
		};
/* End PBXContainerItemProxy section */

/* Begin PBXFileReference section */
		80700DC22CCA7736009C95FD /* DrinkWater.app */ = {isa = PBXFileReference; explicitFileType = wrapper.application; includeInIndex = 0; path = DrinkWater.app; sourceTree = BUILT_PRODUCTS_DIR; };
		80700DC52CCA7736009C95FD /* DrinkWaterApp.swift */ = {isa = PBXFileReference; lastKnownFileType = sourcecode.swift; path = DrinkWaterApp.swift; sourceTree = "<group>"; };
		80700DC72CCA7736009C95FD /* ContentView.swift */ = {isa = PBXFileReference; lastKnownFileType = sourcecode.swift; path = ContentView.swift; sourceTree = "<group>"; };
		80700DC92CCA7738009C95FD /* Assets.xcassets */ = {isa = PBXFileReference; lastKnownFileType = folder.assetcatalog; path = Assets.xcassets; sourceTree = "<group>"; };
		80700DCB2CCA7738009C95FD /* DrinkWater.entitlements */ = {isa = PBXFileReference; lastKnownFileType = text.plist.entitlements; path = DrinkWater.entitlements; sourceTree = "<group>"; };
		80700DCD2CCA7738009C95FD /* Preview Assets.xcassets */ = {isa = PBXFileReference; lastKnownFileType = folder.assetcatalog; path = "Preview Assets.xcassets"; sourceTree = "<group>"; };
		80700DD32CCA7738009C95FD /* DrinkWaterTests.xctest */ = {isa = PBXFileReference; explicitFileType = wrapper.cfbundle; includeInIndex = 0; path = DrinkWaterTests.xctest; sourceTree = BUILT_PRODUCTS_DIR; };
		80700DD72CCA7738009C95FD /* DrinkWaterTests.swift */ = {isa = PBXFileReference; lastKnownFileType = sourcecode.swift; path = DrinkWaterTests.swift; sourceTree = "<group>"; };
		80700DDD2CCA7738009C95FD /* DrinkWaterUITests.xctest */ = {isa = PBXFileReference; explicitFileType = wrapper.cfbundle; includeInIndex = 0; path = DrinkWaterUITests.xctest; sourceTree = BUILT_PRODUCTS_DIR; };
		80700DE12CCA7738009C95FD /* DrinkWaterUITests.swift */ = {isa = PBXFileReference; lastKnownFileType = sourcecode.swift; path = DrinkWaterUITests.swift; sourceTree = "<group>"; };
		80700DE32CCA7738009C95FD /* DrinkWaterUITestsLaunchTests.swift */ = {isa = PBXFileReference; lastKnownFileType = sourcecode.swift; path = DrinkWaterUITestsLaunchTests.swift; sourceTree = "<group>"; };
/* End PBXFileReference section */

/* Begin PBXFrameworksBuildPhase section */
		80700DBF2CCA7736009C95FD /* Frameworks */ = {
			isa = PBXFrameworksBuildPhase;
			buildActionMask = 2147483647;
			files = (
			);
			runOnlyForDeploymentPostprocessing = 0;
		};
		80700DD02CCA7738009C95FD /* Frameworks */ = {
			isa = PBXFrameworksBuildPhase;
			buildActionMask = 2147483647;
			files = (
			);
			runOnlyForDeploymentPostprocessing = 0;
		};
		80700DDA2CCA7738009C95FD /* Frameworks */ = {
			isa = PBXFrameworksBuildPhase;
			buildActionMask = 2147483647;
			files = (
			);
			runOnlyForDeploymentPostprocessing = 0;
		};
/* End PBXFrameworksBuildPhase section */

/* Begin PBXGroup section */
		80700DB92CCA7736009C95FD = {
			isa = PBXGroup;
			children = (
				80700DC42CCA7736009C95FD /* DrinkWater */,
				80700DD62CCA7738009C95FD /* DrinkWaterTests */,
				80700DE02CCA7738009C95FD /* DrinkWaterUITests */,
				80700DC32CCA7736009C95FD /* Products */,
			);
			sourceTree = "<group>";
		};
		80700DC32CCA7736009C95FD /* Products */ = {
			isa = PBXGroup;
			children = (
				80700DC22CCA7736009C95FD /* DrinkWater.app */,
				80700DD32CCA7738009C95FD /* DrinkWaterTests.xctest */,
				80700DDD2CCA7738009C95FD /* DrinkWaterUITests.xctest */,
			);
			name = Products;
			sourceTree = "<group>";
		};
		80700DC42CCA7736009C95FD /* DrinkWater */ = {
			isa = PBXGroup;
			children = (
				80700DC52CCA7736009C95FD /* DrinkWaterApp.swift */,
				80700DC72CCA7736009C95FD /* ContentView.swift */,
				80700DC92CCA7738009C95FD /* Assets.xcassets */,
				80700DCB2CCA7738009C95FD /* DrinkWater.entitlements */,
				80700DCC2CCA7738009C95FD /* Preview Content */,
			);
			path = DrinkWater;
			sourceTree = "<group>";
		};
		80700DCC2CCA7738009C95FD /* Preview Content */ = {
			isa = PBXGroup;
			children = (
				80700DCD2CCA7738009C95FD /* Preview Assets.xcassets */,
			);
			path = "Preview Content";
			sourceTree = "<group>";
		};
		80700DD62CCA7738009C95FD /* DrinkWaterTests */ = {
			isa = PBXGroup;
			children = (
				80700DD72CCA7738009C95FD /* DrinkWaterTests.swift */,
			);
			path = DrinkWaterTests;
			sourceTree = "<group>";
		};
		80700DE02CCA7738009C95FD /* DrinkWaterUITests */ = {
			isa = PBXGroup;
			children = (
				80700DE12CCA7738009C95FD /* DrinkWaterUITests.swift */,
				80700DE32CCA7738009C95FD /* DrinkWaterUITestsLaunchTests.swift */,
			);
			path = DrinkWaterUITests;
			sourceTree = "<group>";
		};
/* End PBXGroup section */

/* Begin PBXNativeTarget section */
		80700DC12CCA7736009C95FD /* DrinkWater */ = {
			isa = PBXNativeTarget;
			buildConfigurationList = 80700DE72CCA7738009C95FD /* Build configuration list for PBXNativeTarget "DrinkWater" */;
			buildPhases = (
				80700DBE2CCA7736009C95FD /* Sources */,
				80700DBF2CCA7736009C95FD /* Frameworks */,
				80700DC02CCA7736009C95FD /* Resources */,
			);
			buildRules = (
			);
			dependencies = (
			);
			name = DrinkWater;
			productName = DrinkWater;
			productReference = 80700DC22CCA7736009C95FD /* DrinkWater.app */;
			productType = "com.apple.product-type.application";
		};
		80700DD22CCA7738009C95FD /* DrinkWaterTests */ = {
			isa = PBXNativeTarget;
			buildConfigurationList = 80700DEA2CCA7738009C95FD /* Build configuration list for PBXNativeTarget "DrinkWaterTests" */;
			buildPhases = (
				80700DCF2CCA7738009C95FD /* Sources */,
				80700DD02CCA7738009C95FD /* Frameworks */,
				80700DD12CCA7738009C95FD /* Resources */,
			);
			buildRules = (
			);
			dependencies = (
				80700DD52CCA7738009C95FD /* PBXTargetDependency */,
			);
			name = DrinkWaterTests;
			productName = DrinkWaterTests;
			productReference = 80700DD32CCA7738009C95FD /* DrinkWaterTests.xctest */;
			productType = "com.apple.product-type.bundle.unit-test";
		};
		80700DDC2CCA7738009C95FD /* DrinkWaterUITests */ = {
			isa = PBXNativeTarget;
			buildConfigurationList = 80700DED2CCA7738009C95FD /* Build configuration list for PBXNativeTarget "DrinkWaterUITests" */;
			buildPhases = (
				80700DD92CCA7738009C95FD /* Sources */,
				80700DDA2CCA7738009C95FD /* Frameworks */,
				80700DDB2CCA7738009C95FD /* Resources */,
			);
			buildRules = (
			);
			dependencies = (
				80700DDF2CCA7738009C95FD /* PBXTargetDependency */,
			);
			name = DrinkWaterUITests;
			productName = DrinkWaterUITests;
			productReference = 80700DDD2CCA7738009C95FD /* DrinkWaterUITests.xctest */;
			productType = "com.apple.product-type.bundle.ui-testing";
		};
/* End PBXNativeTarget section */

/* Begin PBXProject section */
		80700DBA2CCA7736009C95FD /* Project object */ = {
			isa = PBXProject;
			attributes = {
				BuildIndependentTargetsInParallel = 1;
				LastSwiftUpdateCheck = 1600;
				LastUpgradeCheck = 1600;
				TargetAttributes = {
					80700DC12CCA7736009C95FD = {
						CreatedOnToolsVersion = 16.0;
					};
					80700DD22CCA7738009C95FD = {
						CreatedOnToolsVersion = 16.0;
						TestTargetID = 80700DC12CCA7736009C95FD;
					};
					80700DDC2CCA7738009C95FD = {
						CreatedOnToolsVersion = 16.0;
						TestTargetID = 80700DC12CCA7736009C95FD;
					};
				};
			};
			buildConfigurationList = 80700DBD2CCA7736009C95FD /* Build configuration list for PBXProject "DrinkWater" */;
			compatibilityVersion = "Xcode 15.0";
			developmentRegion = en;
			hasScannedForEncodings = 0;
			knownRegions = (
				en,
				Base,
			);
			mainGroup = 80700DB92CCA7736009C95FD;
			productRefGroup = 80700DC32CCA7736009C95FD /* Products */;
			projectDirPath = "";
			projectRoot = "";
			targets = (
				80700DC12CCA7736009C95FD /* DrinkWater */,
				80700DD22CCA7738009C95FD /* DrinkWaterTests */,
				80700DDC2CCA7738009C95FD /* DrinkWaterUITests */,
			);
		};
/* End PBXProject section */

/* Begin PBXResourcesBuildPhase section */
		80700DC02CCA7736009C95FD /* Resources */ = {
			isa = PBXResourcesBuildPhase;
			buildActionMask = 2147483647;
			files = (
				80700DCE2CCA7738009C95FD /* Preview Assets.xcassets in Resources */,
				80700DCA2CCA7738009C95FD /* Assets.xcassets in Resources */,
			);
			runOnlyForDeploymentPostprocessing = 0;
		};
		80700DD12CCA7738009C95FD /* Resources */ = {
			isa = PBXResourcesBuildPhase;
			buildActionMask = 2147483647;
			files = (
			);
			runOnlyForDeploymentPostprocessing = 0;
		};
		80700DDB2CCA7738009C95FD /* Resources */ = {
			isa = PBXResourcesBuildPhase;
			buildActionMask = 2147483647;
			files = (
			);
			runOnlyForDeploymentPostprocessing = 0;
		};
/* End PBXResourcesBuildPhase section */

/* Begin PBXSourcesBuildPhase section */
		80700DBE2CCA7736009C95FD /* Sources */ = {
			isa = PBXSourcesBuildPhase;
			buildActionMask = 2147483647;
			files = (
				80700DC82CCA7736009C95FD /* ContentView.swift in Sources */,
				80700DC62CCA7736009C95FD /* DrinkWaterApp.swift in Sources */,
			);
			runOnlyForDeploymentPostprocessing = 0;
		};
		80700DCF2CCA7738009C95FD /* Sources */ = {
			isa = PBXSourcesBuildPhase;
			buildActionMask = 2147483647;
			files = (
				80700DD82CCA7738009C95FD /* DrinkWaterTests.swift in Sources */,
			);
			runOnlyForDeploymentPostprocessing = 0;
		};
		80700DD92CCA7738009C95FD /* Sources */ = {
			isa = PBXSourcesBuildPhase;
			buildActionMask = 2147483647;
			files = (
				80700DE22CCA7738009C95FD /* DrinkWaterUITests.swift in Sources */,
				80700DE42CCA7738009C95FD /* DrinkWaterUITestsLaunchTests.swift in Sources */,
			);
			runOnlyForDeploymentPostprocessing = 0;
		};
/* End PBXSourcesBuildPhase section */

/* Begin PBXTargetDependency section */
		80700DD52CCA7738009C95FD /* PBXTargetDependency */ = {
			isa = PBXTargetDependency;
			target = 80700DC12CCA7736009C95FD /* DrinkWater */;
			targetProxy = 80700DD42CCA7738009C95FD /* PBXContainerItemProxy */;
		};
		80700DDF2CCA7738009C95FD /* PBXTargetDependency */ = {
			isa = PBXTargetDependency;
			target = 80700DC12CCA7736009C95FD /* DrinkWater */;
			targetProxy = 80700DDE2CCA7738009C95FD /* PBXContainerItemProxy */;
		};
/* End PBXTargetDependency section */

/* Begin XCBuildConfiguration section */
		80700DE52CCA7738009C95FD /* Debug */ = {
			isa = XCBuildConfiguration;
			buildSettings = {
				ALWAYS_SEARCH_USER_PATHS = NO;
				ASSETCATALOG_COMPILER_GENERATE_SWIFT_ASSET_SYMBOL_EXTENSIONS = YES;
				CLANG_ANALYZER_NONNULL = YES;
				CLANG_ANALYZER_NUMBER_OBJECT_CONVERSION = YES_AGGRESSIVE;
				CLANG_CXX_LANGUAGE_STANDARD = "gnu++20";
				CLANG_ENABLE_MODULES = YES;
				CLANG_ENABLE_OBJC_ARC = YES;
				CLANG_ENABLE_OBJC_WEAK = YES;
				CLANG_WARN_BLOCK_CAPTURE_AUTORELEASING = YES;
				CLANG_WARN_BOOL_CONVERSION = YES;
				CLANG_WARN_COMMA = YES;
				CLANG_WARN_CONSTANT_CONVERSION = YES;
				CLANG_WARN_DEPRECATED_OBJC_IMPLEMENTATIONS = YES;
				CLANG_WARN_DIRECT_OBJC_ISA_USAGE = YES_ERROR;
				CLANG_WARN_DOCUMENTATION_COMMENTS = YES;
				CLANG_WARN_EMPTY_BODY = YES;
				CLANG_WARN_ENUM_CONVERSION = YES;
				CLANG_WARN_INFINITE_RECURSION = YES;
				CLANG_WARN_INT_CONVERSION = YES;
				CLANG_WARN_NON_LITERAL_NULL_CONVERSION = YES;
				CLANG_WARN_OBJC_IMPLICIT_RETAIN_SELF = YES;
				CLANG_WARN_OBJC_LITERAL_CONVERSION = YES;
				CLANG_WARN_OBJC_ROOT_CLASS = YES_ERROR;
				CLANG_WARN_QUOTED_INCLUDE_IN_FRAMEWORK_HEADER = YES;
				CLANG_WARN_RANGE_LOOP_ANALYSIS = YES;
				CLANG_WARN_STRICT_PROTOTYPES = YES;
				CLANG_WARN_SUSPICIOUS_MOVE = YES;
				CLANG_WARN_UNGUARDED_AVAILABILITY = YES_AGGRESSIVE;
				CLANG_WARN_UNREACHABLE_CODE = YES;
				CLANG_WARN__DUPLICATE_METHOD_MATCH = YES;
				COPY_PHASE_STRIP = NO;
				DEBUG_INFORMATION_FORMAT = dwarf;
				ENABLE_STRICT_OBJC_MSGSEND = YES;
				ENABLE_TESTABILITY = YES;
				ENABLE_USER_SCRIPT_SANDBOXING = YES;
				GCC_C_LANGUAGE_STANDARD = gnu17;
				GCC_DYNAMIC_NO_PIC = NO;
				GCC_NO_COMMON_BLOCKS = YES;
				GCC_OPTIMIZATION_LEVEL = 0;
				GCC_PREPROCESSOR_DEFINITIONS = (
					"DEBUG=1",
					"$(inherited)",
				);
				GCC_WARN_64_TO_32_BIT_CONVERSION = YES;
				GCC_WARN_ABOUT_RETURN_TYPE = YES_ERROR;
				GCC_WARN_UNDECLARED_SELECTOR = YES;
				GCC_WARN_UNINITIALIZED_AUTOS = YES_AGGRESSIVE;
				GCC_WARN_UNUSED_FUNCTION = YES;
				GCC_WARN_UNUSED_VARIABLE = YES;
				LOCALIZATION_PREFERS_STRING_CATALOGS = YES;
				MTL_ENABLE_DEBUG_INFO = INCLUDE_SOURCE;
				MTL_FAST_MATH = YES;
				ONLY_ACTIVE_ARCH = YES;
				SWIFT_ACTIVE_COMPILATION_CONDITIONS = "DEBUG $(inherited)";
				SWIFT_OPTIMIZATION_LEVEL = "-Onone";
			};
			name = Debug;
		};
		80700DE62CCA7738009C95FD /* Release */ = {
			isa = XCBuildConfiguration;
			buildSettings = {
				ALWAYS_SEARCH_USER_PATHS = NO;
				ASSETCATALOG_COMPILER_GENERATE_SWIFT_ASSET_SYMBOL_EXTENSIONS = YES;
				CLANG_ANALYZER_NONNULL = YES;
				CLANG_ANALYZER_NUMBER_OBJECT_CONVERSION = YES_AGGRESSIVE;
				CLANG_CXX_LANGUAGE_STANDARD = "gnu++20";
				CLANG_ENABLE_MODULES = YES;
				CLANG_ENABLE_OBJC_ARC = YES;
				CLANG_ENABLE_OBJC_WEAK = YES;
				CLANG_WARN_BLOCK_CAPTURE_AUTORELEASING = YES;
				CLANG_WARN_BOOL_CONVERSION = YES;
				CLANG_WARN_COMMA = YES;
				CLANG_WARN_CONSTANT_CONVERSION = YES;
				CLANG_WARN_DEPRECATED_OBJC_IMPLEMENTATIONS = YES;
				CLANG_WARN_DIRECT_OBJC_ISA_USAGE = YES_ERROR;
				CLANG_WARN_DOCUMENTATION_COMMENTS = YES;
				CLANG_WARN_EMPTY_BODY = YES;
				CLANG_WARN_ENUM_CONVERSION = YES;
				CLANG_WARN_INFINITE_RECURSION = YES;
				CLANG_WARN_INT_CONVERSION = YES;
				CLANG_WARN_NON_LITERAL_NULL_CONVERSION = YES;
				CLANG_WARN_OBJC_IMPLICIT_RETAIN_SELF = YES;
				CLANG_WARN_OBJC_LITERAL_CONVERSION = YES;
				CLANG_WARN_OBJC_ROOT_CLASS = YES_ERROR;
				CLANG_WARN_QUOTED_INCLUDE_IN_FRAMEWORK_HEADER = YES;
				CLANG_WARN_RANGE_LOOP_ANALYSIS = YES;
				CLANG_WARN_STRICT_PROTOTYPES = YES;
				CLANG_WARN_SUSPICIOUS_MOVE = YES;
				CLANG_WARN_UNGUARDED_AVAILABILITY = YES_AGGRESSIVE;
				CLANG_WARN_UNREACHABLE_CODE = YES;
				CLANG_WARN__DUPLICATE_METHOD_MATCH = YES;
				COPY_PHASE_STRIP = NO;
				DEBUG_INFORMATION_FORMAT = "dwarf-with-dsym";
				ENABLE_NS_ASSERTIONS = NO;
				ENABLE_STRICT_OBJC_MSGSEND = YES;
				ENABLE_USER_SCRIPT_SANDBOXING = YES;
				GCC_C_LANGUAGE_STANDARD = gnu17;
				GCC_NO_COMMON_BLOCKS = YES;
				GCC_WARN_64_TO_32_BIT_CONVERSION = YES;
				GCC_WARN_ABOUT_RETURN_TYPE = YES_ERROR;
				GCC_WARN_UNDECLARED_SELECTOR = YES;
				GCC_WARN_UNINITIALIZED_AUTOS = YES_AGGRESSIVE;
				GCC_WARN_UNUSED_FUNCTION = YES;
				GCC_WARN_UNUSED_VARIABLE = YES;
				LOCALIZATION_PREFERS_STRING_CATALOGS = YES;
				MTL_ENABLE_DEBUG_INFO = NO;
				MTL_FAST_MATH = YES;
				SWIFT_COMPILATION_MODE = wholemodule;
			};
			name = Release;
		};
		80700DE82CCA7738009C95FD /* Debug */ = {
			isa = XCBuildConfiguration;
			buildSettings = {
				ASSETCATALOG_COMPILER_APPICON_NAME = AppIcon;
				ASSETCATALOG_COMPILER_GLOBAL_ACCENT_COLOR_NAME = AccentColor;
				CODE_SIGN_ENTITLEMENTS = DrinkWater/DrinkWater.entitlements;
				CODE_SIGN_STYLE = Automatic;
				CURRENT_PROJECT_VERSION = 1;
				DEVELOPMENT_ASSET_PATHS = "\"DrinkWater/Preview Content\"";
				DEVELOPMENT_TEAM = 322LSS5XJ7;
				ENABLE_HARDENED_RUNTIME = YES;
				ENABLE_PREVIEWS = YES;
				GENERATE_INFOPLIST_FILE = YES;
				"INFOPLIST_KEY_UIApplicationSceneManifest_Generation[sdk=iphoneos*]" = YES;
				"INFOPLIST_KEY_UIApplicationSceneManifest_Generation[sdk=iphonesimulator*]" = YES;
				"INFOPLIST_KEY_UIApplicationSupportsIndirectInputEvents[sdk=iphoneos*]" = YES;
				"INFOPLIST_KEY_UIApplicationSupportsIndirectInputEvents[sdk=iphonesimulator*]" = YES;
				"INFOPLIST_KEY_UILaunchScreen_Generation[sdk=iphoneos*]" = YES;
				"INFOPLIST_KEY_UILaunchScreen_Generation[sdk=iphonesimulator*]" = YES;
				"INFOPLIST_KEY_UIStatusBarStyle[sdk=iphoneos*]" = UIStatusBarStyleDefault;
				"INFOPLIST_KEY_UIStatusBarStyle[sdk=iphonesimulator*]" = UIStatusBarStyleDefault;
				INFOPLIST_KEY_UISupportedInterfaceOrientations_iPad = "UIInterfaceOrientationPortrait UIInterfaceOrientationPortraitUpsideDown UIInterfaceOrientationLandscapeLeft UIInterfaceOrientationLandscapeRight";
				INFOPLIST_KEY_UISupportedInterfaceOrientations_iPhone = "UIInterfaceOrientationPortrait UIInterfaceOrientationLandscapeLeft UIInterfaceOrientationLandscapeRight";
				IPHONEOS_DEPLOYMENT_TARGET = 18.0;
				LD_RUNPATH_SEARCH_PATHS = "@executable_path/Frameworks";
				"LD_RUNPATH_SEARCH_PATHS[sdk=macosx*]" = "@executable_path/../Frameworks";
				MACOSX_DEPLOYMENT_TARGET = 15.0;
				MARKETING_VERSION = 1.0;
				PRODUCT_BUNDLE_IDENTIFIER = me.tabyang.DrinkWater;
				PRODUCT_NAME = "$(TARGET_NAME)";
				SDKROOT = auto;
				SUPPORTED_PLATFORMS = "iphoneos iphonesimulator macosx xros xrsimulator";
				SWIFT_EMIT_LOC_STRINGS = YES;
				SWIFT_VERSION = 5.0;
				TARGETED_DEVICE_FAMILY = "1,2,7";
				XROS_DEPLOYMENT_TARGET = 2.0;
			};
			name = Debug;
		};
		80700DE92CCA7738009C95FD /* Release */ = {
			isa = XCBuildConfiguration;
			buildSettings = {
				ASSETCATALOG_COMPILER_APPICON_NAME = AppIcon;
				ASSETCATALOG_COMPILER_GLOBAL_ACCENT_COLOR_NAME = AccentColor;
				CODE_SIGN_ENTITLEMENTS = DrinkWater/DrinkWater.entitlements;
				CODE_SIGN_STYLE = Automatic;
				CURRENT_PROJECT_VERSION = 1;
				DEVELOPMENT_ASSET_PATHS = "\"DrinkWater/Preview Content\"";
				DEVELOPMENT_TEAM = 322LSS5XJ7;
				ENABLE_HARDENED_RUNTIME = YES;
				ENABLE_PREVIEWS = YES;
				GENERATE_INFOPLIST_FILE = YES;
				"INFOPLIST_KEY_UIApplicationSceneManifest_Generation[sdk=iphoneos*]" = YES;
				"INFOPLIST_KEY_UIApplicationSceneManifest_Generation[sdk=iphonesimulator*]" = YES;
				"INFOPLIST_KEY_UIApplicationSupportsIndirectInputEvents[sdk=iphoneos*]" = YES;
				"INFOPLIST_KEY_UIApplicationSupportsIndirectInputEvents[sdk=iphonesimulator*]" = YES;
				"INFOPLIST_KEY_UILaunchScreen_Generation[sdk=iphoneos*]" = YES;
				"INFOPLIST_KEY_UILaunchScreen_Generation[sdk=iphonesimulator*]" = YES;
				"INFOPLIST_KEY_UIStatusBarStyle[sdk=iphoneos*]" = UIStatusBarStyleDefault;
				"INFOPLIST_KEY_UIStatusBarStyle[sdk=iphonesimulator*]" = UIStatusBarStyleDefault;
				INFOPLIST_KEY_UISupportedInterfaceOrientations_iPad = "UIInterfaceOrientationPortrait UIInterfaceOrientationPortraitUpsideDown UIInterfaceOrientationLandscapeLeft UIInterfaceOrientationLandscapeRight";
				INFOPLIST_KEY_UISupportedInterfaceOrientations_iPhone = "UIInterfaceOrientationPortrait UIInterfaceOrientationLandscapeLeft UIInterfaceOrientationLandscapeRight";
				IPHONEOS_DEPLOYMENT_TARGET = 18.0;
				LD_RUNPATH_SEARCH_PATHS = "@executable_path/Frameworks";
				"LD_RUNPATH_SEARCH_PATHS[sdk=macosx*]" = "@executable_path/../Frameworks";
				MACOSX_DEPLOYMENT_TARGET = 15.0;
				MARKETING_VERSION = 1.0;
				PRODUCT_BUNDLE_IDENTIFIER = me.tabyang.DrinkWater;
				PRODUCT_NAME = "$(TARGET_NAME)";
				SDKROOT = auto;
				SUPPORTED_PLATFORMS = "iphoneos iphonesimulator macosx xros xrsimulator";
				SWIFT_EMIT_LOC_STRINGS = YES;
				SWIFT_VERSION = 5.0;
				TARGETED_DEVICE_FAMILY = "1,2,7";
				XROS_DEPLOYMENT_TARGET = 2.0;
			};
			name = Release;
		};
		80700DEB2CCA7738009C95FD /* Debug */ = {
			isa = XCBuildConfiguration;
			buildSettings = {
				BUNDLE_LOADER = "$(TEST_HOST)";
				CODE_SIGN_STYLE = Automatic;
				CURRENT_PROJECT_VERSION = 1;
				DEVELOPMENT_TEAM = 322LSS5XJ7;
				GENERATE_INFOPLIST_FILE = YES;
				IPHONEOS_DEPLOYMENT_TARGET = 18.0;
				MACOSX_DEPLOYMENT_TARGET = 15.0;
				MARKETING_VERSION = 1.0;
				PRODUCT_BUNDLE_IDENTIFIER = me.tabyang.DrinkWaterTests;
				PRODUCT_NAME = "$(TARGET_NAME)";
				SDKROOT = auto;
				SUPPORTED_PLATFORMS = "iphoneos iphonesimulator macosx xros xrsimulator";
				SWIFT_EMIT_LOC_STRINGS = NO;
				SWIFT_VERSION = 5.0;
				TARGETED_DEVICE_FAMILY = "1,2,7";
				TEST_HOST = "$(BUILT_PRODUCTS_DIR)/DrinkWater.app/$(BUNDLE_EXECUTABLE_FOLDER_PATH)/DrinkWater";
				XROS_DEPLOYMENT_TARGET = 2.0;
			};
			name = Debug;
		};
		80700DEC2CCA7738009C95FD /* Release */ = {
			isa = XCBuildConfiguration;
			buildSettings = {
				BUNDLE_LOADER = "$(TEST_HOST)";
				CODE_SIGN_STYLE = Automatic;
				CURRENT_PROJECT_VERSION = 1;
				DEVELOPMENT_TEAM = 322LSS5XJ7;
				GENERATE_INFOPLIST_FILE = YES;
				IPHONEOS_DEPLOYMENT_TARGET = 18.0;
				MACOSX_DEPLOYMENT_TARGET = 15.0;
				MARKETING_VERSION = 1.0;
				PRODUCT_BUNDLE_IDENTIFIER = me.tabyang.DrinkWaterTests;
				PRODUCT_NAME = "$(TARGET_NAME)";
				SDKROOT = auto;
				SUPPORTED_PLATFORMS = "iphoneos iphonesimulator macosx xros xrsimulator";
				SWIFT_EMIT_LOC_STRINGS = NO;
				SWIFT_VERSION = 5.0;
				TARGETED_DEVICE_FAMILY = "1,2,7";
				TEST_HOST = "$(BUILT_PRODUCTS_DIR)/DrinkWater.app/$(BUNDLE_EXECUTABLE_FOLDER_PATH)/DrinkWater";
				XROS_DEPLOYMENT_TARGET = 2.0;
			};
			name = Release;
		};
		80700DEE2CCA7738009C95FD /* Debug */ = {
			isa = XCBuildConfiguration;
			buildSettings = {
				CODE_SIGN_STYLE = Automatic;
				CURRENT_PROJECT_VERSION = 1;
				DEVELOPMENT_TEAM = 322LSS5XJ7;
				GENERATE_INFOPLIST_FILE = YES;
				IPHONEOS_DEPLOYMENT_TARGET = 18.0;
				MACOSX_DEPLOYMENT_TARGET = 15.0;
				MARKETING_VERSION = 1.0;
				PRODUCT_BUNDLE_IDENTIFIER = me.tabyang.DrinkWaterUITests;
				PRODUCT_NAME = "$(TARGET_NAME)";
				SDKROOT = auto;
				SUPPORTED_PLATFORMS = "iphoneos iphonesimulator macosx xros xrsimulator";
				SWIFT_EMIT_LOC_STRINGS = NO;
				SWIFT_VERSION = 5.0;
				TARGETED_DEVICE_FAMILY = "1,2,7";
				TEST_TARGET_NAME = DrinkWater;
				XROS_DEPLOYMENT_TARGET = 2.0;
			};
			name = Debug;
		};
		80700DEF2CCA7738009C95FD /* Release */ = {
			isa = XCBuildConfiguration;
			buildSettings = {
				CODE_SIGN_STYLE = Automatic;
				CURRENT_PROJECT_VERSION = 1;
				DEVELOPMENT_TEAM = 322LSS5XJ7;
				GENERATE_INFOPLIST_FILE = YES;
				IPHONEOS_DEPLOYMENT_TARGET = 18.0;
				MACOSX_DEPLOYMENT_TARGET = 15.0;
				MARKETING_VERSION = 1.0;
				PRODUCT_BUNDLE_IDENTIFIER = me.tabyang.DrinkWaterUITests;
				PRODUCT_NAME = "$(TARGET_NAME)";
				SDKROOT = auto;
				SUPPORTED_PLATFORMS = "iphoneos iphonesimulator macosx xros xrsimulator";
				SWIFT_EMIT_LOC_STRINGS = NO;
				SWIFT_VERSION = 5.0;
				TARGETED_DEVICE_FAMILY = "1,2,7";
				TEST_TARGET_NAME = DrinkWater;
				XROS_DEPLOYMENT_TARGET = 2.0;
			};
			name = Release;
		};
/* End XCBuildConfiguration section */

/* Begin XCConfigurationList section */
		80700DBD2CCA7736009C95FD /* Build configuration list for PBXProject "DrinkWater" */ = {
			isa = XCConfigurationList;
			buildConfigurations = (
				80700DE52CCA7738009C95FD /* Debug */,
				80700DE62CCA7738009C95FD /* Release */,
			);
			defaultConfigurationIsVisible = 0;
			defaultConfigurationName = Release;
		};
		80700DE72CCA7738009C95FD /* Build configuration list for PBXNativeTarget "DrinkWater" */ = {
			isa = XCConfigurationList;
			buildConfigurations = (
				80700DE82CCA7738009C95FD /* Debug */,
				80700DE92CCA7738009C95FD /* Release */,
			);
			defaultConfigurationIsVisible = 0;
			defaultConfigurationName = Release;
		};
		80700DEA2CCA7738009C95FD /* Build configuration list for PBXNativeTarget "DrinkWaterTests" */ = {
			isa = XCConfigurationList;
			buildConfigurations = (
				80700DEB2CCA7738009C95FD /* Debug */,
				80700DEC2CCA7738009C95FD /* Release */,
			);
			defaultConfigurationIsVisible = 0;
			defaultConfigurationName = Release;
		};
		80700DED2CCA7738009C95FD /* Build configuration list for PBXNativeTarget "DrinkWaterUITests" */ = {
			isa = XCConfigurationList;
			buildConfigurations = (
				80700DEE2CCA7738009C95FD /* Debug */,
				80700DEF2CCA7738009C95FD /* Release */,
			);
			defaultConfigurationIsVisible = 0;
			defaultConfigurationName = Release;
		};
/* End XCConfigurationList section */
	};
	rootObject = 80700DBA2CCA7736009C95FD /* Project object */;
}
